# THIS IS AN AUTOGENERATED FILE. DO NOT EDIT THIS FILE DIRECTLY.
# yarn lockfile v1


"@react-native-community/viewpager@^5.0.11":
  version "5.0.11"
  resolved "https://registry.yarnpkg.com/@react-native-community/viewpager/-/viewpager-5.0.11.tgz#dbeb2d1b2452607926407c99e4de59c7db9e3019"
  integrity sha512-eboJwbDQjP1qJP3LFzVspgh88IGNF07S2qpU296j+4kL0inVuL+HXs81SuczMGtJmDZ4u19RNEBVq79of/h+jQ==
