# THIS IS AN AUTOGENERATED FILE. DO NOT EDIT THIS FILE DIRECTLY.
# yarn lockfile v1


react-native-pager-view@^6.1.2:
  version "6.1.2"
  resolved "https://registry.yarnpkg.com/react-native-pager-view/-/react-native-pager-view-6.1.2.tgz#3522079b9a9d6634ca5e8d153bc0b4d660254552"
  integrity sha512-qs2KSFc+7N7B+UZ6SG2sTvCkppagm5fVyRclv1KFKc7lDtrhXLzN59tXJw575LDP/dRJoXsNwqUAhZJdws6ABQ==
